
Microsoft Visual Studio Solution File, Format Version 12.00
Project("{2150E333-8FDC-42A3-9474-1A3956D46DE8}") = "src", "src", "{7F5EFC13-78DD-4D08-BD90-611A841371C2}"
EndProject
Project("{FAE04EC0-301F-11D3-BF4B-00C04F79EFBC}") = "ToDo.API", "src\ToDo.API\ToDo.API.csproj", "{147E3929-C6FF-4877-AFC8-84D2F000C151}"
EndProject
Global
	GlobalSection(SolutionConfigurationPlatforms) = preSolution
		Debug|Any CPU = Debug|Any CPU
		Release|Any CPU = Release|Any CPU
	EndGlobalSection
	GlobalSection(ProjectConfigurationPlatforms) = postSolution
		{147E3929-C6FF-4877-AFC8-84D2F000C151}.Debug|Any CPU.ActiveCfg = Debug|Any CPU
		{147E3929-C6FF-4877-AFC8-84D2F000C151}.Debug|Any CPU.Build.0 = Debug|Any CPU
		{147E3929-C6FF-4877-AFC8-84D2F000C151}.Release|Any CPU.ActiveCfg = Release|Any CPU
		{147E3929-C6FF-4877-AFC8-84D2F000C151}.Release|Any CPU.Build.0 = Release|Any CPU
	EndGlobalSection
	GlobalSection(NestedProjects) = preSolution
		{147E3929-C6FF-4877-AFC8-84D2F000C151} = {7F5EFC13-78DD-4D08-BD90-611A841371C2}
	EndGlobalSection
EndGlobal
