
Microsoft Visual Studio Solution File, Format Version 12.00
Project("{2150E333-8FDC-42A3-9474-1A3956D46DE8}") = "src", "src", "{7F5EFC13-78DD-4D08-BD90-611A841371C2}"
EndProject
Project("{2150E333-8FDC-42A3-9474-1A3956D46DE8}") = "Core", "Core", "{4A565A2C-9687-4CB1-801A-D3521AB4D946}"
EndProject
Project("{2150E333-8FDC-42A3-9474-1A3956D46DE8}") = "Infrastructure", "Infrastructure", "{4FE864DC-E7B0-4FB6-93B5-2D3544276E22}"
EndProject
Project("{FAE04EC0-301F-11D3-BF4B-00C04F79EFBC}") = "ToDo.Infrastructure", "src\Infrastructure\ToDo.Infrastructure\ToDo.Infrastructure.csproj", "{E2418B16-AC6A-4716-B36E-4AF2016D8ABB}"
EndProject
Project("{FAE04EC0-301F-11D3-BF4B-00C04F79EFBC}") = "ToDo.Domain", "src\Core\ToDo.Domain\ToDo.Domain.csproj", "{DD910441-C9B2-46F6-9A75-BDFA98A440A9}"
EndProject
Project("{FAE04EC0-301F-11D3-BF4B-00C04F79EFBC}") = "ToDo.Application", "src\Core\ToDo.Application\ToDo.Application.csproj", "{07F85F34-50CB-4900-A631-FA8E8B15F0B6}"
EndProject
Project("{2150E333-8FDC-42A3-9474-1A3956D46DE8}") = "Presentation", "Presentation", "{D5FC206D-E288-455C-9A48-8EB8853866B0}"
EndProject
Project("{FAE04EC0-301F-11D3-BF4B-00C04F79EFBC}") = "ToDo.Presentation", "src\ToDo.Presentation\ToDo.Presentation.csproj", "{2951F1FA-C3B6-4EF0-AF07-DCE815D5C5AE}"
EndProject
Global
	GlobalSection(SolutionConfigurationPlatforms) = preSolution
		Debug|Any CPU = Debug|Any CPU
		Release|Any CPU = Release|Any CPU
	EndGlobalSection
	GlobalSection(ProjectConfigurationPlatforms) = postSolution
		{E2418B16-AC6A-4716-B36E-4AF2016D8ABB}.Debug|Any CPU.ActiveCfg = Debug|Any CPU
		{E2418B16-AC6A-4716-B36E-4AF2016D8ABB}.Debug|Any CPU.Build.0 = Debug|Any CPU
		{E2418B16-AC6A-4716-B36E-4AF2016D8ABB}.Release|Any CPU.ActiveCfg = Release|Any CPU
		{E2418B16-AC6A-4716-B36E-4AF2016D8ABB}.Release|Any CPU.Build.0 = Release|Any CPU
		{DD910441-C9B2-46F6-9A75-BDFA98A440A9}.Debug|Any CPU.ActiveCfg = Debug|Any CPU
		{DD910441-C9B2-46F6-9A75-BDFA98A440A9}.Debug|Any CPU.Build.0 = Debug|Any CPU
		{DD910441-C9B2-46F6-9A75-BDFA98A440A9}.Release|Any CPU.ActiveCfg = Release|Any CPU
		{DD910441-C9B2-46F6-9A75-BDFA98A440A9}.Release|Any CPU.Build.0 = Release|Any CPU
		{07F85F34-50CB-4900-A631-FA8E8B15F0B6}.Debug|Any CPU.ActiveCfg = Debug|Any CPU
		{07F85F34-50CB-4900-A631-FA8E8B15F0B6}.Debug|Any CPU.Build.0 = Debug|Any CPU
		{07F85F34-50CB-4900-A631-FA8E8B15F0B6}.Release|Any CPU.ActiveCfg = Release|Any CPU
		{07F85F34-50CB-4900-A631-FA8E8B15F0B6}.Release|Any CPU.Build.0 = Release|Any CPU
		{2951F1FA-C3B6-4EF0-AF07-DCE815D5C5AE}.Debug|Any CPU.ActiveCfg = Debug|Any CPU
		{2951F1FA-C3B6-4EF0-AF07-DCE815D5C5AE}.Debug|Any CPU.Build.0 = Debug|Any CPU
		{2951F1FA-C3B6-4EF0-AF07-DCE815D5C5AE}.Release|Any CPU.ActiveCfg = Release|Any CPU
		{2951F1FA-C3B6-4EF0-AF07-DCE815D5C5AE}.Release|Any CPU.Build.0 = Release|Any CPU
	EndGlobalSection
	GlobalSection(NestedProjects) = preSolution
		{4A565A2C-9687-4CB1-801A-D3521AB4D946} = {7F5EFC13-78DD-4D08-BD90-611A841371C2}
		{4FE864DC-E7B0-4FB6-93B5-2D3544276E22} = {7F5EFC13-78DD-4D08-BD90-611A841371C2}
		{E2418B16-AC6A-4716-B36E-4AF2016D8ABB} = {4FE864DC-E7B0-4FB6-93B5-2D3544276E22}
		{DD910441-C9B2-46F6-9A75-BDFA98A440A9} = {4A565A2C-9687-4CB1-801A-D3521AB4D946}
		{07F85F34-50CB-4900-A631-FA8E8B15F0B6} = {4A565A2C-9687-4CB1-801A-D3521AB4D946}
		{D5FC206D-E288-455C-9A48-8EB8853866B0} = {7F5EFC13-78DD-4D08-BD90-611A841371C2}
		{2951F1FA-C3B6-4EF0-AF07-DCE815D5C5AE} = {D5FC206D-E288-455C-9A48-8EB8853866B0}
	EndGlobalSection
EndGlobal
